
Microsoft Visual Studio Solution File, Format Version 12.00
# Visual Studio 15
VisualStudioVersion = 15.0.28010.0
MinimumVisualStudioVersion = 10.0.40219.1
Project("{FAE04EC0-301F-11D3-BF4B-00C04F79EFBC}") = "IOCAutoFacSample", "IOCAutoFacSample\IOCAutoFacSample.csproj", "{72881378-3F87-4B05-A834-6AC1C3D415F3}"
EndProject
Project("{FAE04EC0-301F-11D3-BF4B-00C04F79EFBC}") = "IOCAutoFacSample.Model", "..\IOCAutoFacSample.Model\IOCAutoFacSample.Model.csproj", "{18D7FDE4-58C5-4B81-AAB9-9E5FCB806672}"
EndProject
Project("{FAE04EC0-301F-11D3-BF4B-00C04F79EFBC}") = "IOCAutoFacSample.Service", "..\IOCAutoFacSample.Service\IOCAutoFacSample.Service.csproj", "{9C8293E4-A4F0-4AA1-8347-0A4D0CDD857E}"
EndProject
Global
	GlobalSection(SolutionConfigurationPlatforms) = preSolution
		Debug|Any CPU = Debug|Any CPU
		Release|Any CPU = Release|Any CPU
	EndGlobalSection
	GlobalSection(ProjectConfigurationPlatforms) = postSolution
		{72881378-3F87-4B05-A834-6AC1C3D415F3}.Debug|Any CPU.ActiveCfg = Debug|Any CPU
		{72881378-3F87-4B05-A834-6AC1C3D415F3}.Debug|Any CPU.Build.0 = Debug|Any CPU
		{72881378-3F87-4B05-A834-6AC1C3D415F3}.Release|Any CPU.ActiveCfg = Release|Any CPU
		{72881378-3F87-4B05-A834-6AC1C3D415F3}.Release|Any CPU.Build.0 = Release|Any CPU
		{18D7FDE4-58C5-4B81-AAB9-9E5FCB806672}.Debug|Any CPU.ActiveCfg = Debug|Any CPU
		{18D7FDE4-58C5-4B81-AAB9-9E5FCB806672}.Debug|Any CPU.Build.0 = Debug|Any CPU
		{18D7FDE4-58C5-4B81-AAB9-9E5FCB806672}.Release|Any CPU.ActiveCfg = Release|Any CPU
		{18D7FDE4-58C5-4B81-AAB9-9E5FCB806672}.Release|Any CPU.Build.0 = Release|Any CPU
		{9C8293E4-A4F0-4AA1-8347-0A4D0CDD857E}.Debug|Any CPU.ActiveCfg = Debug|Any CPU
		{9C8293E4-A4F0-4AA1-8347-0A4D0CDD857E}.Debug|Any CPU.Build.0 = Debug|Any CPU
		{9C8293E4-A4F0-4AA1-8347-0A4D0CDD857E}.Release|Any CPU.ActiveCfg = Release|Any CPU
		{9C8293E4-A4F0-4AA1-8347-0A4D0CDD857E}.Release|Any CPU.Build.0 = Release|Any CPU
	EndGlobalSection
	GlobalSection(SolutionProperties) = preSolution
		HideSolutionNode = FALSE
	EndGlobalSection
	GlobalSection(ExtensibilityGlobals) = postSolution
		SolutionGuid = {3A6B4EE2-24BE-413B-A7E0-B6F930794AA9}
	EndGlobalSection
EndGlobal
